
Microsoft Visual Studio Solution File, Format Version 12.00
# Visual Studio Version 17
VisualStudioVersion = 17.7.34024.191
MinimumVisualStudioVersion = 10.0.40219.1
Project("{8BC9CEB8-8B4A-11D0-8D11-00A0C91BC942}") = "SandBox", "SandBox\SandBox.vcxproj", "{24BFF121-6B56-4A74-9F55-816CC32A8894}"
EndProject
Project("{8BC9CEB8-8B4A-11D0-8D11-00A0C91BC942}") = "NorTHEngine", "NorTHEngine\NorTHEngine.vcxproj", "{3DFE28E2-50F1-4873-AA2F-57630DE32758}"
EndProject

Global
	GlobalSection(SolutionConfigurationPlatforms) = preSolution
		Debug|x64 = Debug|x64
		Release|x64 = Release|x64
	EndGlobalSection
	GlobalSection(ProjectConfigurationPlatforms) = postSolution
		{3DFE28E2-50F1-4873-AA2F-57630DE32758}.Debug|x64.ActiveCfg = Debug|x64
		{3DFE28E2-50F1-4873-AA2F-57630DE32758}.Debug|x64.Build.0 = Debug|x64
		{3DFE28E2-50F1-4873-AA2F-57630DE32758}.Release|x64.ActiveCfg = Release|x64
		{3DFE28E2-50F1-4873-AA2F-57630DE32758}.Release|x64.Build.0 = Release|x64
		{24BFF121-6B56-4A74-9F55-816CC32A8894}.Debug|x64.ActiveCfg = Debug|x64
		{24BFF121-6B56-4A74-9F55-816CC32A8894}.Debug|x64.Build.0 = Debug|x64
		{24BFF121-6B56-4A74-9F55-816CC32A8894}.Release|x64.ActiveCfg = Release|x64
		{24BFF121-6B56-4A74-9F55-816CC32A8894}.Release|x64.Build.0 = Release|x64
	EndGlobalSection
	GlobalSection(SolutionProperties) = preSolution
		HideSolutionNode = FALSE
	EndGlobalSection
	GlobalSection(ExtensibilityGlobals) = postSolution
		SolutionGuid = {B12B9C2E-7E96-4550-BE06-0B050F192D9C}
	EndGlobalSection
EndGlobal
